// !$*UTF8*$!
{
	archiveVersion = 1;
	classes = {
	};
	objectVersion = 46;
	objects = {

/* Begin PBXBuildFile section */
		030007AF1CC09E3300047F23 /* Category+Extensions.swift in Sources */ = {isa = PBXBuildFile; fileRef = 030007AE1CC09E3300047F23 /* Category+Extensions.swift */; };
		030007B11CC09EA000047F23 /* Category+Extensions.swift in Sources */ = {isa = PBXBuildFile; fileRef = 030007AE1CC09E3300047F23 /* Category+Extensions.swift */; };
		0339D2B01CA42A960072886E /* AppDelegate.swift in Sources */ = {isa = PBXBuildFile; fileRef = 0339D2AF1CA42A960072886E /* AppDelegate.swift */; };
		0339D2B81CA42A960072886E /* VuseFeed.xcdatamodeld in Sources */ = {isa = PBXBuildFile; fileRef = 0339D2B61CA42A960072886E /* VuseFeed.xcdatamodeld */; };
		0339D2BA1CA42A960072886E /* Assets.xcassets in Resources */ = {isa = PBXBuildFile; fileRef = 0339D2B91CA42A960072886E /* Assets.xcassets */; };
		0339D2BD1CA42A960072886E /* LaunchScreen.storyboard in Resources */ = {isa = PBXBuildFile; fileRef = 0339D2BB1CA42A960072886E /* LaunchScreen.storyboard */; };
		0339D2C81CA42A960072886E /* VuseFeedTests.swift in Sources */ = {isa = PBXBuildFile; fileRef = 0339D2C71CA42A960072886E /* VuseFeedTests.swift */; };
		0339D2D31CA42A960072886E /* VuseFeedUITests.swift in Sources */ = {isa = PBXBuildFile; fileRef = 0339D2D21CA42A960072886E /* VuseFeedUITests.swift */; };
		0339D2ED1CA42B240072886E /* AVFoundation.framework in Frameworks */ = {isa = PBXBuildFile; fileRef = 0339D2EC1CA42B240072886E /* AVFoundation.framework */; };
		0339D2EF1CA42B290072886E /* AVKit.framework in Frameworks */ = {isa = PBXBuildFile; fileRef = 0339D2EE1CA42B290072886E /* AVKit.framework */; };
		0343647D1CC2D78E0010210D /* VFStoriesTableController.swift in Sources */ = {isa = PBXBuildFile; fileRef = 03583F071CA42F6400C5EAFE /* VFStoriesTableController.swift */; };
		03583EC81CA42D7200C5EAFE /* Assets.xcassets in Resources */ = {isa = PBXBuildFile; fileRef = 03583EC71CA42D7200C5EAFE /* Assets.xcassets */; };
		03583ECF1CA42D7300C5EAFE /* VuseFeed Watch Extension.appex in Embed App Extensions */ = {isa = PBXBuildFile; fileRef = 03583ECE1CA42D7300C5EAFE /* VuseFeed Watch Extension.appex */; settings = {ATTRIBUTES = (RemoveHeadersOnCopy, ); }; };
		03583ED81CA42D7300C5EAFE /* ExtensionDelegate.swift in Sources */ = {isa = PBXBuildFile; fileRef = 03583ED71CA42D7300C5EAFE /* ExtensionDelegate.swift */; };
		03583EDA1CA42D7300C5EAFE /* NotificationController.swift in Sources */ = {isa = PBXBuildFile; fileRef = 03583ED91CA42D7300C5EAFE /* NotificationController.swift */; };
		03583EDC1CA42D7300C5EAFE /* GlanceController.swift in Sources */ = {isa = PBXBuildFile; fileRef = 03583EDB1CA42D7300C5EAFE /* GlanceController.swift */; };
		03583EDE1CA42D7300C5EAFE /* ComplicationController.swift in Sources */ = {isa = PBXBuildFile; fileRef = 03583EDD1CA42D7300C5EAFE /* ComplicationController.swift */; };
		03583EE01CA42D7300C5EAFE /* Assets.xcassets in Resources */ = {isa = PBXBuildFile; fileRef = 03583EDF1CA42D7300C5EAFE /* Assets.xcassets */; };
		03583EE41CA42D7300C5EAFE /* VuseFeed Watch.app in Embed Watch Content */ = {isa = PBXBuildFile; fileRef = 03583EC21CA42D7200C5EAFE /* VuseFeed Watch.app */; };
		03583EF21CA42DE800C5EAFE /* AVPlayerView.swift in Sources */ = {isa = PBXBuildFile; fileRef = 03583EF11CA42DE800C5EAFE /* AVPlayerView.swift */; };
		03583EF51CA42E0200C5EAFE /* CloudKitManager.swift in Sources */ = {isa = PBXBuildFile; fileRef = 03583EF41CA42E0200C5EAFE /* CloudKitManager.swift */; };
		03583EF71CA42E1400C5EAFE /* Story.swift in Sources */ = {isa = PBXBuildFile; fileRef = 03583EF61CA42E1400C5EAFE /* Story.swift */; };
		03583EF91CA42E1A00C5EAFE /* StoryDetailViewController.swift in Sources */ = {isa = PBXBuildFile; fileRef = 03583EF81CA42E1A00C5EAFE /* StoryDetailViewController.swift */; };
		03583EFB1CA42E2300C5EAFE /* WatchablePlayerController.swift in Sources */ = {isa = PBXBuildFile; fileRef = 03583EFA1CA42E2300C5EAFE /* WatchablePlayerController.swift */; };
		03583EFD1CA42E2A00C5EAFE /* WatchableStory.swift in Sources */ = {isa = PBXBuildFile; fileRef = 03583EFC1CA42E2A00C5EAFE /* WatchableStory.swift */; };
		03583EFF1CA42E3200C5EAFE /* WatchableTableViewController.swift in Sources */ = {isa = PBXBuildFile; fileRef = 03583EFE1CA42E3200C5EAFE /* WatchableTableViewController.swift */; };
		03583F011CA42E5400C5EAFE /* Main.storyboard in Resources */ = {isa = PBXBuildFile; fileRef = 03583F001CA42E5400C5EAFE /* Main.storyboard */; };
		03583F031CA42EBC00C5EAFE /* Interface.storyboard in Resources */ = {isa = PBXBuildFile; fileRef = 03583F021CA42EBC00C5EAFE /* Interface.storyboard */; };
		03583F091CA42F6400C5EAFE /* Stories.json in Resources */ = {isa = PBXBuildFile; fileRef = 03583F041CA42F6400C5EAFE /* Stories.json */; };
		03583F0A1CA42F6400C5EAFE /* VFButtonRowController.swift in Sources */ = {isa = PBXBuildFile; fileRef = 03583F051CA42F6400C5EAFE /* VFButtonRowController.swift */; };
		03583F0B1CA42F6400C5EAFE /* VFHeaderRowController.swift in Sources */ = {isa = PBXBuildFile; fileRef = 03583F061CA42F6400C5EAFE /* VFHeaderRowController.swift */; };
		03583F0D1CA42F6400C5EAFE /* VFStoryRowController.swift in Sources */ = {isa = PBXBuildFile; fileRef = 03583F081CA42F6400C5EAFE /* VFStoryRowController.swift */; };
		03583F0E1CA44B2B00C5EAFE /* Story.swift in Sources */ = {isa = PBXBuildFile; fileRef = 03583EF61CA42E1400C5EAFE /* Story.swift */; };
		035CD7991CAE0B0300527B3F /* VFStoryListCell.swift in Sources */ = {isa = PBXBuildFile; fileRef = 035CD7981CAE0B0300527B3F /* VFStoryListCell.swift */; };
		035CD7A11CAEB89F00527B3F /* Cartfile in Resources */ = {isa = PBXBuildFile; fileRef = 035CD7A01CAEB89F00527B3F /* Cartfile */; };
		035CD7B61CAEE68D00527B3F /* VuseFeedEngine.swift in Sources */ = {isa = PBXBuildFile; fileRef = 035CD7B51CAEE68D00527B3F /* VuseFeedEngine.swift */; };
		035CD7B81CAF05A900527B3F /* Chameleon.framework in Frameworks */ = {isa = PBXBuildFile; fileRef = 035CD7A61CAEC97100527B3F /* Chameleon.framework */; };
		035CD7B91CAF05A900527B3F /* LNPopupController.framework in Frameworks */ = {isa = PBXBuildFile; fileRef = 035CD7A41CAEC8AE00527B3F /* LNPopupController.framework */; };
		035CD7BA1CAF05A900527B3F /* WebImage.framework in Frameworks */ = {isa = PBXBuildFile; fileRef = 035CD7A21CAEC78200527B3F /* WebImage.framework */; };
		0374DD3A1CCCAD9300DCE572 /* HandoffHelper.swift in Sources */ = {isa = PBXBuildFile; fileRef = 0374DD391CCCAD9300DCE572 /* HandoffHelper.swift */; };
		0374DD3B1CCCAD9300DCE572 /* HandoffHelper.swift in Sources */ = {isa = PBXBuildFile; fileRef = 0374DD391CCCAD9300DCE572 /* HandoffHelper.swift */; };
		03789CBD1CADAF9A00F631BB /* QuartzCore.framework in Frameworks */ = {isa = PBXBuildFile; fileRef = 03789CBC1CADAF9A00F631BB /* QuartzCore.framework */; };
		03789CBF1CADAFA000F631BB /* CoreGraphics.framework in Frameworks */ = {isa = PBXBuildFile; fileRef = 03789CBE1CADAFA000F631BB /* CoreGraphics.framework */; };
		037C5A6E1CD0315B00405DE3 /* SettingsViewController.swift in Sources */ = {isa = PBXBuildFile; fileRef = 037C5A6D1CD0315B00405DE3 /* SettingsViewController.swift */; };
		037C5A701CD07E3E00405DE3 /* NotificationsViewController.swift in Sources */ = {isa = PBXBuildFile; fileRef = 037C5A6F1CD07E3E00405DE3 /* NotificationsViewController.swift */; };
		037C5A721CD07F4600405DE3 /* CategoryNotificationCell.swift in Sources */ = {isa = PBXBuildFile; fileRef = 037C5A711CD07F4600405DE3 /* CategoryNotificationCell.swift */; };
		037C5A741CD08FE600405DE3 /* CloudKit.framework in Frameworks */ = {isa = PBXBuildFile; fileRef = 037C5A731CD08FE600405DE3 /* CloudKit.framework */; };
		037FFA1D1CC85B910089E887 /* videos.json in Resources */ = {isa = PBXBuildFile; fileRef = 037FFA1C1CC85B910089E887 /* videos.json */; };
		03BA44971CC928230047AE73 /* VuseFeedEngine.swift in Sources */ = {isa = PBXBuildFile; fileRef = 035CD7B51CAEE68D00527B3F /* VuseFeedEngine.swift */; };
		03BC40EC1CBB480C00637C67 /* BookmarkDetailViewController.swift in Sources */ = {isa = PBXBuildFile; fileRef = 03BC40EB1CBB480C00637C67 /* BookmarkDetailViewController.swift */; };
		03E09A641CB96ACE006AEDFE /* stories.json in Resources */ = {isa = PBXBuildFile; fileRef = 03E09A631CB96ACE006AEDFE /* stories.json */; };
		03E09A681CBAF1C3006AEDFE /* BookmarkTableViewController.swift in Sources */ = {isa = PBXBuildFile; fileRef = 03E09A671CBAF1C3006AEDFE /* BookmarkTableViewController.swift */; };
		03FAE6741CCC143F00AEC18F /* VFStoryDetailController.swift in Sources */ = {isa = PBXBuildFile; fileRef = 03FAE6731CCC143F00AEC18F /* VFStoryDetailController.swift */; };
		671844101CAB378400C53DE2 /* CategoriesViewController.swift in Sources */ = {isa = PBXBuildFile; fileRef = 6718440F1CAB378400C53DE2 /* CategoriesViewController.swift */; };
		671844121CAB436B00C53DE2 /* CategoryTableViewCell.swift in Sources */ = {isa = PBXBuildFile; fileRef = 671844111CAB436B00C53DE2 /* CategoryTableViewCell.swift */; };
/* End PBXBuildFile section */

/* Begin PBXContainerItemProxy section */
		0339D2C41CA42A960072886E /* PBXContainerItemProxy */ = {
			isa = PBXContainerItemProxy;
			containerPortal = 0339D2A41CA42A940072886E /* Project object */;
			proxyType = 1;
			remoteGlobalIDString = 0339D2AB1CA42A950072886E;
			remoteInfo = VuseFeed;
		};
		0339D2CF1CA42A960072886E /* PBXContainerItemProxy */ = {
			isa = PBXContainerItemProxy;
			containerPortal = 0339D2A41CA42A940072886E /* Project object */;
			proxyType = 1;
			remoteGlobalIDString = 0339D2AB1CA42A950072886E;
			remoteInfo = VuseFeed;
		};
		03583ED01CA42D7300C5EAFE /* PBXContainerItemProxy */ = {
			isa = PBXContainerItemProxy;
			containerPortal = 0339D2A41CA42A940072886E /* Project object */;
			proxyType = 1;
			remoteGlobalIDString = 03583ECD1CA42D7300C5EAFE;
			remoteInfo = "VuseFeed Watch Extension";
		};
		03583EE21CA42D7300C5EAFE /* PBXContainerItemProxy */ = {
			isa = PBXContainerItemProxy;
			containerPortal = 0339D2A41CA42A940072886E /* Project object */;
			proxyType = 1;
			remoteGlobalIDString = 03583EC11CA42D7200C5EAFE;
			remoteInfo = "VuseFeed Watch";
		};
/* End PBXContainerItemProxy section */

/* Begin PBXCopyFilesBuildPhase section */
		03583EE81CA42D7300C5EAFE /* Embed App Extensions */ = {
			isa = PBXCopyFilesBuildPhase;
			buildActionMask = 2147483647;
			dstPath = "";
			dstSubfolderSpec = 13;
			files = (
				03583ECF1CA42D7300C5EAFE /* VuseFeed Watch Extension.appex in Embed App Extensions */,
			);
			name = "Embed App Extensions";
			runOnlyForDeploymentPostprocessing = 0;
		};
		03583EEC1CA42D7300C5EAFE /* Embed Watch Content */ = {
			isa = PBXCopyFilesBuildPhase;
			buildActionMask = 2147483647;
			dstPath = "$(CONTENTS_FOLDER_PATH)/Watch";
			dstSubfolderSpec = 16;
			files = (
				03583EE41CA42D7300C5EAFE /* VuseFeed Watch.app in Embed Watch Content */,
			);
			name = "Embed Watch Content";
			runOnlyForDeploymentPostprocessing = 0;
		};
/* End PBXCopyFilesBuildPhase section */

/* Begin PBXFileReference section */
		030007AE1CC09E3300047F23 /* Category+Extensions.swift */ = {isa = PBXFileReference; fileEncoding = 4; lastKnownFileType = sourcecode.swift; path = "Category+Extensions.swift"; sourceTree = "<group>"; };
		0339D2AC1CA42A950072886E /* VuseFeed.app */ = {isa = PBXFileReference; explicitFileType = wrapper.application; includeInIndex = 0; path = VuseFeed.app; sourceTree = BUILT_PRODUCTS_DIR; };
		0339D2AF1CA42A960072886E /* AppDelegate.swift */ = {isa = PBXFileReference; lastKnownFileType = sourcecode.swift; path = AppDelegate.swift; sourceTree = "<group>"; };
		0339D2B71CA42A960072886E /* VuseFeed.xcdatamodel */ = {isa = PBXFileReference; lastKnownFileType = wrapper.xcdatamodel; path = VuseFeed.xcdatamodel; sourceTree = "<group>"; };
		0339D2B91CA42A960072886E /* Assets.xcassets */ = {isa = PBXFileReference; lastKnownFileType = folder.assetcatalog; path = Assets.xcassets; sourceTree = "<group>"; };
		0339D2BC1CA42A960072886E /* Base */ = {isa = PBXFileReference; lastKnownFileType = file.storyboard; name = Base; path = Base.lproj/LaunchScreen.storyboard; sourceTree = "<group>"; };
		0339D2BE1CA42A960072886E /* Info.plist */ = {isa = PBXFileReference; lastKnownFileType = text.plist.xml; path = Info.plist; sourceTree = "<group>"; };
		0339D2C31CA42A960072886E /* VuseFeedTests.xctest */ = {isa = PBXFileReference; explicitFileType = wrapper.cfbundle; includeInIndex = 0; path = VuseFeedTests.xctest; sourceTree = BUILT_PRODUCTS_DIR; };
		0339D2C71CA42A960072886E /* VuseFeedTests.swift */ = {isa = PBXFileReference; lastKnownFileType = sourcecode.swift; path = VuseFeedTests.swift; sourceTree = "<group>"; };
		0339D2C91CA42A960072886E /* Info.plist */ = {isa = PBXFileReference; lastKnownFileType = text.plist.xml; path = Info.plist; sourceTree = "<group>"; };
		0339D2CE1CA42A960072886E /* VuseFeedUITests.xctest */ = {isa = PBXFileReference; explicitFileType = wrapper.cfbundle; includeInIndex = 0; path = VuseFeedUITests.xctest; sourceTree = BUILT_PRODUCTS_DIR; };
		0339D2D21CA42A960072886E /* VuseFeedUITests.swift */ = {isa = PBXFileReference; lastKnownFileType = sourcecode.swift; path = VuseFeedUITests.swift; sourceTree = "<group>"; };
		0339D2D41CA42A960072886E /* Info.plist */ = {isa = PBXFileReference; lastKnownFileType = text.plist.xml; path = Info.plist; sourceTree = "<group>"; };
		0339D2EC1CA42B240072886E /* AVFoundation.framework */ = {isa = PBXFileReference; lastKnownFileType = wrapper.framework; name = AVFoundation.framework; path = System/Library/Frameworks/AVFoundation.framework; sourceTree = SDKROOT; };
		0339D2EE1CA42B290072886E /* AVKit.framework */ = {isa = PBXFileReference; lastKnownFileType = wrapper.framework; name = AVKit.framework; path = System/Library/Frameworks/AVKit.framework; sourceTree = SDKROOT; };
		0339D2F81CA42CDC0072886E /* VuseFeed.entitlements */ = {isa = PBXFileReference; lastKnownFileType = text.xml; path = VuseFeed.entitlements; sourceTree = "<group>"; };
		03583EC21CA42D7200C5EAFE /* VuseFeed Watch.app */ = {isa = PBXFileReference; explicitFileType = wrapper.application; includeInIndex = 0; path = "VuseFeed Watch.app"; sourceTree = BUILT_PRODUCTS_DIR; };
		03583EC71CA42D7200C5EAFE /* Assets.xcassets */ = {isa = PBXFileReference; lastKnownFileType = folder.assetcatalog; path = Assets.xcassets; sourceTree = "<group>"; };
		03583EC91CA42D7200C5EAFE /* Info.plist */ = {isa = PBXFileReference; lastKnownFileType = text.plist.xml; path = Info.plist; sourceTree = "<group>"; };
		03583ECE1CA42D7300C5EAFE /* VuseFeed Watch Extension.appex */ = {isa = PBXFileReference; explicitFileType = "wrapper.app-extension"; includeInIndex = 0; path = "VuseFeed Watch Extension.appex"; sourceTree = BUILT_PRODUCTS_DIR; };
		03583ED41CA42D7300C5EAFE /* PushNotificationPayload.apns */ = {isa = PBXFileReference; lastKnownFileType = text; path = PushNotificationPayload.apns; sourceTree = "<group>"; };
		03583ED71CA42D7300C5EAFE /* ExtensionDelegate.swift */ = {isa = PBXFileReference; lastKnownFileType = sourcecode.swift; path = ExtensionDelegate.swift; sourceTree = "<group>"; };
		03583ED91CA42D7300C5EAFE /* NotificationController.swift */ = {isa = PBXFileReference; lastKnownFileType = sourcecode.swift; path = NotificationController.swift; sourceTree = "<group>"; };
		03583EDB1CA42D7300C5EAFE /* GlanceController.swift */ = {isa = PBXFileReference; lastKnownFileType = sourcecode.swift; path = GlanceController.swift; sourceTree = "<group>"; };
		03583EDD1CA42D7300C5EAFE /* ComplicationController.swift */ = {isa = PBXFileReference; lastKnownFileType = sourcecode.swift; path = ComplicationController.swift; sourceTree = "<group>"; };
		03583EDF1CA42D7300C5EAFE /* Assets.xcassets */ = {isa = PBXFileReference; lastKnownFileType = folder.assetcatalog; path = Assets.xcassets; sourceTree = "<group>"; };
		03583EE11CA42D7300C5EAFE /* Info.plist */ = {isa = PBXFileReference; lastKnownFileType = text.plist.xml; path = Info.plist; sourceTree = "<group>"; };
		03583EF11CA42DE800C5EAFE /* AVPlayerView.swift */ = {isa = PBXFileReference; fileEncoding = 4; lastKnownFileType = sourcecode.swift; path = AVPlayerView.swift; sourceTree = "<group>"; };
		03583EF41CA42E0200C5EAFE /* CloudKitManager.swift */ = {isa = PBXFileReference; fileEncoding = 4; lastKnownFileType = sourcecode.swift; path = CloudKitManager.swift; sourceTree = "<group>"; };
		03583EF61CA42E1400C5EAFE /* Story.swift */ = {isa = PBXFileReference; fileEncoding = 4; lastKnownFileType = sourcecode.swift; path = Story.swift; sourceTree = "<group>"; };
		03583EF81CA42E1A00C5EAFE /* StoryDetailViewController.swift */ = {isa = PBXFileReference; fileEncoding = 4; lastKnownFileType = sourcecode.swift; path = StoryDetailViewController.swift; sourceTree = "<group>"; };
		03583EFA1CA42E2300C5EAFE /* WatchablePlayerController.swift */ = {isa = PBXFileReference; fileEncoding = 4; lastKnownFileType = sourcecode.swift; path = WatchablePlayerController.swift; sourceTree = "<group>"; };
		03583EFC1CA42E2A00C5EAFE /* WatchableStory.swift */ = {isa = PBXFileReference; fileEncoding = 4; lastKnownFileType = sourcecode.swift; path = WatchableStory.swift; sourceTree = "<group>"; };
		03583EFE1CA42E3200C5EAFE /* WatchableTableViewController.swift */ = {isa = PBXFileReference; fileEncoding = 4; lastKnownFileType = sourcecode.swift; path = WatchableTableViewController.swift; sourceTree = "<group>"; };
		03583F001CA42E5400C5EAFE /* Main.storyboard */ = {isa = PBXFileReference; fileEncoding = 4; lastKnownFileType = file.storyboard; path = Main.storyboard; sourceTree = "<group>"; };
		03583F021CA42EBC00C5EAFE /* Interface.storyboard */ = {isa = PBXFileReference; fileEncoding = 4; lastKnownFileType = file.storyboard; name = Interface.storyboard; path = Base.lproj/Interface.storyboard; sourceTree = "<group>"; };
		03583F041CA42F6400C5EAFE /* Stories.json */ = {isa = PBXFileReference; fileEncoding = 4; lastKnownFileType = text.json; path = Stories.json; sourceTree = "<group>"; };
		03583F051CA42F6400C5EAFE /* VFButtonRowController.swift */ = {isa = PBXFileReference; fileEncoding = 4; lastKnownFileType = sourcecode.swift; path = VFButtonRowController.swift; sourceTree = "<group>"; };
		03583F061CA42F6400C5EAFE /* VFHeaderRowController.swift */ = {isa = PBXFileReference; fileEncoding = 4; lastKnownFileType = sourcecode.swift; path = VFHeaderRowController.swift; sourceTree = "<group>"; };
		03583F071CA42F6400C5EAFE /* VFStoriesTableController.swift */ = {isa = PBXFileReference; fileEncoding = 4; lastKnownFileType = sourcecode.swift; path = VFStoriesTableController.swift; sourceTree = "<group>"; };
		03583F081CA42F6400C5EAFE /* VFStoryRowController.swift */ = {isa = PBXFileReference; fileEncoding = 4; lastKnownFileType = sourcecode.swift; path = VFStoryRowController.swift; sourceTree = "<group>"; };
		035CD7981CAE0B0300527B3F /* VFStoryListCell.swift */ = {isa = PBXFileReference; fileEncoding = 4; lastKnownFileType = sourcecode.swift; path = VFStoryListCell.swift; sourceTree = "<group>"; };
		035CD7A01CAEB89F00527B3F /* Cartfile */ = {isa = PBXFileReference; fileEncoding = 4; lastKnownFileType = text; name = Cartfile; path = ../Cartfile; sourceTree = "<group>"; };
		035CD7A21CAEC78200527B3F /* WebImage.framework */ = {isa = PBXFileReference; lastKnownFileType = wrapper.framework; name = WebImage.framework; path = Carthage/Build/iOS/WebImage.framework; sourceTree = "<group>"; };
		035CD7A41CAEC8AE00527B3F /* LNPopupController.framework */ = {isa = PBXFileReference; lastKnownFileType = wrapper.framework; name = LNPopupController.framework; path = Carthage/Build/iOS/LNPopupController.framework; sourceTree = "<group>"; };
		035CD7A61CAEC97100527B3F /* Chameleon.framework */ = {isa = PBXFileReference; lastKnownFileType = wrapper.framework; name = Chameleon.framework; path = Carthage/Build/iOS/Chameleon.framework; sourceTree = "<group>"; };
		035CD7B11CAED92900527B3F /* VuseFeed-Bridging-Header.h */ = {isa = PBXFileReference; lastKnownFileType = sourcecode.c.h; path = "VuseFeed-Bridging-Header.h"; sourceTree = "<group>"; };
		035CD7B41CAEDAA400527B3F /* UIImageView+WebCache.h */ = {isa = PBXFileReference; lastKnownFileType = sourcecode.c.h; name = "UIImageView+WebCache.h"; path = "Carthage/Build/iOS/WebImage.framework/Headers/UIImageView+WebCache.h"; sourceTree = SOURCE_ROOT; };
		035CD7B51CAEE68D00527B3F /* VuseFeedEngine.swift */ = {isa = PBXFileReference; fileEncoding = 4; lastKnownFileType = sourcecode.swift; path = VuseFeedEngine.swift; sourceTree = "<group>"; };
		0374DD391CCCAD9300DCE572 /* HandoffHelper.swift */ = {isa = PBXFileReference; fileEncoding = 4; lastKnownFileType = sourcecode.swift; path = HandoffHelper.swift; sourceTree = "<group>"; };
		03789CBC1CADAF9A00F631BB /* QuartzCore.framework */ = {isa = PBXFileReference; lastKnownFileType = wrapper.framework; name = QuartzCore.framework; path = System/Library/Frameworks/QuartzCore.framework; sourceTree = SDKROOT; };
		03789CBE1CADAFA000F631BB /* CoreGraphics.framework */ = {isa = PBXFileReference; lastKnownFileType = wrapper.framework; name = CoreGraphics.framework; path = System/Library/Frameworks/CoreGraphics.framework; sourceTree = SDKROOT; };
		037C5A6D1CD0315B00405DE3 /* SettingsViewController.swift */ = {isa = PBXFileReference; fileEncoding = 4; lastKnownFileType = sourcecode.swift; path = SettingsViewController.swift; sourceTree = "<group>"; };
		037C5A6F1CD07E3E00405DE3 /* NotificationsViewController.swift */ = {isa = PBXFileReference; fileEncoding = 4; lastKnownFileType = sourcecode.swift; path = NotificationsViewController.swift; sourceTree = "<group>"; };
		037C5A711CD07F4600405DE3 /* CategoryNotificationCell.swift */ = {isa = PBXFileReference; fileEncoding = 4; lastKnownFileType = sourcecode.swift; path = CategoryNotificationCell.swift; sourceTree = "<group>"; };
		037C5A731CD08FE600405DE3 /* CloudKit.framework */ = {isa = PBXFileReference; lastKnownFileType = wrapper.framework; name = CloudKit.framework; path = System/Library/Frameworks/CloudKit.framework; sourceTree = SDKROOT; };
		037FFA1C1CC85B910089E887 /* videos.json */ = {isa = PBXFileReference; fileEncoding = 4; lastKnownFileType = text.json; path = videos.json; sourceTree = "<group>"; };
		03BC40EB1CBB480C00637C67 /* BookmarkDetailViewController.swift */ = {isa = PBXFileReference; fileEncoding = 4; lastKnownFileType = sourcecode.swift; path = BookmarkDetailViewController.swift; sourceTree = "<group>"; };
		03E09A631CB96ACE006AEDFE /* stories.json */ = {isa = PBXFileReference; fileEncoding = 4; lastKnownFileType = text.json; path = stories.json; sourceTree = "<group>"; };
		03E09A671CBAF1C3006AEDFE /* BookmarkTableViewController.swift */ = {isa = PBXFileReference; fileEncoding = 4; lastKnownFileType = sourcecode.swift; path = BookmarkTableViewController.swift; sourceTree = "<group>"; };
		03FAE6731CCC143F00AEC18F /* VFStoryDetailController.swift */ = {isa = PBXFileReference; fileEncoding = 4; lastKnownFileType = sourcecode.swift; path = VFStoryDetailController.swift; sourceTree = "<group>"; };
		6718440F1CAB378400C53DE2 /* CategoriesViewController.swift */ = {isa = PBXFileReference; fileEncoding = 4; lastKnownFileType = sourcecode.swift; path = CategoriesViewController.swift; sourceTree = "<group>"; };
		671844111CAB436B00C53DE2 /* CategoryTableViewCell.swift */ = {isa = PBXFileReference; fileEncoding = 4; lastKnownFileType = sourcecode.swift; path = CategoryTableViewCell.swift; sourceTree = "<group>"; };
/* End PBXFileReference section */

/* Begin PBXFrameworksBuildPhase section */
		0339D2A91CA42A950072886E /* Frameworks */ = {
			isa = PBXFrameworksBuildPhase;
			buildActionMask = 2147483647;
			files = (
				035CD7B81CAF05A900527B3F /* Chameleon.framework in Frameworks */,
				035CD7B91CAF05A900527B3F /* LNPopupController.framework in Frameworks */,
				035CD7BA1CAF05A900527B3F /* WebImage.framework in Frameworks */,
				03789CBF1CADAFA000F631BB /* CoreGraphics.framework in Frameworks */,
				03789CBD1CADAF9A00F631BB /* QuartzCore.framework in Frameworks */,
				037C5A741CD08FE600405DE3 /* CloudKit.framework in Frameworks */,
				0339D2EF1CA42B290072886E /* AVKit.framework in Frameworks */,
				0339D2ED1CA42B240072886E /* AVFoundation.framework in Frameworks */,
			);
			runOnlyForDeploymentPostprocessing = 0;
		};
		0339D2C01CA42A960072886E /* Frameworks */ = {
			isa = PBXFrameworksBuildPhase;
			buildActionMask = 2147483647;
			files = (
			);
			runOnlyForDeploymentPostprocessing = 0;
		};
		0339D2CB1CA42A960072886E /* Frameworks */ = {
			isa = PBXFrameworksBuildPhase;
			buildActionMask = 2147483647;
			files = (
			);
			runOnlyForDeploymentPostprocessing = 0;
		};
		03583ECB1CA42D7300C5EAFE /* Frameworks */ = {
			isa = PBXFrameworksBuildPhase;
			buildActionMask = 2147483647;
			files = (
			);
			runOnlyForDeploymentPostprocessing = 0;
		};
/* End PBXFrameworksBuildPhase section */

/* Begin PBXGroup section */
		0339D2A31CA42A940072886E = {
			isa = PBXGroup;
			children = (
				0339D2AE1CA42A960072886E /* VuseFeed */,
				03583EC31CA42D7200C5EAFE /* VuseFeed Watch */,
				03583ED21CA42D7300C5EAFE /* VuseFeed Watch Extension */,
				035A45371CC6C2FC00608615 /* Frameworks */,
				0339D2C61CA42A960072886E /* VuseFeedTests */,
				0339D2D11CA42A960072886E /* VuseFeedUITests */,
				0339D2AD1CA42A950072886E /* Products */,
			);
			sourceTree = "<group>";
		};
		0339D2AD1CA42A950072886E /* Products */ = {
			isa = PBXGroup;
			children = (
				0339D2AC1CA42A950072886E /* VuseFeed.app */,
				0339D2C31CA42A960072886E /* VuseFeedTests.xctest */,
				0339D2CE1CA42A960072886E /* VuseFeedUITests.xctest */,
				03583EC21CA42D7200C5EAFE /* VuseFeed Watch.app */,
				03583ECE1CA42D7300C5EAFE /* VuseFeed Watch Extension.appex */,
			);
			name = Products;
			sourceTree = "<group>";
		};
		0339D2AE1CA42A960072886E /* VuseFeed */ = {
			isa = PBXGroup;
			children = (
				0339D2AF1CA42A960072886E /* AppDelegate.swift */,
				03583EEF1CA42DAE00C5EAFE /* Views */,
				03583EF01CA42DB800C5EAFE /* View Controllers */,
				03583EED1CA42D8800C5EAFE /* Data Models */,
				03583EF31CA42DF600C5EAFE /* Engines, Managers, Helpers & Extensions */,
				03583EEE1CA42D9700C5EAFE /* Supporting Files */,
			);
			path = VuseFeed;
			sourceTree = "<group>";
		};
		0339D2C61CA42A960072886E /* VuseFeedTests */ = {
			isa = PBXGroup;
			children = (
				0339D2C71CA42A960072886E /* VuseFeedTests.swift */,
				0339D2C91CA42A960072886E /* Info.plist */,
			);
			path = VuseFeedTests;
			sourceTree = "<group>";
		};
		0339D2D11CA42A960072886E /* VuseFeedUITests */ = {
			isa = PBXGroup;
			children = (
				0339D2D21CA42A960072886E /* VuseFeedUITests.swift */,
				0339D2D41CA42A960072886E /* Info.plist */,
			);
			path = VuseFeedUITests;
			sourceTree = "<group>";
		};
		03583EC31CA42D7200C5EAFE /* VuseFeed Watch */ = {
			isa = PBXGroup;
			children = (
				03583F021CA42EBC00C5EAFE /* Interface.storyboard */,
				03583EC71CA42D7200C5EAFE /* Assets.xcassets */,
				03583EC91CA42D7200C5EAFE /* Info.plist */,
			);
			path = "VuseFeed Watch";
			sourceTree = "<group>";
		};
		03583ED21CA42D7300C5EAFE /* VuseFeed Watch Extension */ = {
			isa = PBXGroup;
			children = (
				03583ED71CA42D7300C5EAFE /* ExtensionDelegate.swift */,
				03FAE6721CCC141C00AEC18F /* Interface Controllers */,
				035ED9521CBDE7FB00B72748 /* 🔩 Row Controllers */,
				035ED9531CBDE88C00B72748 /* ⏱ Glance & Complication */,
				03583ED31CA42D7300C5EAFE /* Supporting Files */,
			);
			path = "VuseFeed Watch Extension";
			sourceTree = "<group>";
		};
		03583ED31CA42D7300C5EAFE /* Supporting Files */ = {
			isa = PBXGroup;
			children = (
				03583F041CA42F6400C5EAFE /* Stories.json */,
				03583EDF1CA42D7300C5EAFE /* Assets.xcassets */,
				03583EE11CA42D7300C5EAFE /* Info.plist */,
				03583ED41CA42D7300C5EAFE /* PushNotificationPayload.apns */,
			);
			name = "Supporting Files";
			sourceTree = "<group>";
		};
		03583EED1CA42D8800C5EAFE /* Data Models */ = {
			isa = PBXGroup;
			children = (
				03583EF61CA42E1400C5EAFE /* Story.swift */,
				03583EFC1CA42E2A00C5EAFE /* WatchableStory.swift */,
				0339D2B61CA42A960072886E /* VuseFeed.xcdatamodeld */,
			);
			name = "Data Models";
			sourceTree = "<group>";
		};
		03583EEE1CA42D9700C5EAFE /* Supporting Files */ = {
			isa = PBXGroup;
			children = (
				037FFA1C1CC85B910089E887 /* videos.json */,
				03E09A631CB96ACE006AEDFE /* stories.json */,
				035CD7A01CAEB89F00527B3F /* Cartfile */,
				0339D2B91CA42A960072886E /* Assets.xcassets */,
				0339D2BB1CA42A960072886E /* LaunchScreen.storyboard */,
				0339D2F81CA42CDC0072886E /* VuseFeed.entitlements */,
				0339D2BE1CA42A960072886E /* Info.plist */,
				035CD7B11CAED92900527B3F /* VuseFeed-Bridging-Header.h */,
			);
			name = "Supporting Files";
			sourceTree = "<group>";
		};
		03583EEF1CA42DAE00C5EAFE /* Views */ = {
			isa = PBXGroup;
			children = (
				03583F001CA42E5400C5EAFE /* Main.storyboard */,
				037C5A711CD07F4600405DE3 /* CategoryNotificationCell.swift */,
				035CD7981CAE0B0300527B3F /* VFStoryListCell.swift */,
				671844111CAB436B00C53DE2 /* CategoryTableViewCell.swift */,
				03583EF11CA42DE800C5EAFE /* AVPlayerView.swift */,
			);
			name = Views;
			sourceTree = "<group>";
		};
		03583EF01CA42DB800C5EAFE /* View Controllers */ = {
			isa = PBXGroup;
			children = (
				037C5A6F1CD07E3E00405DE3 /* NotificationsViewController.swift */,
				037C5A6D1CD0315B00405DE3 /* SettingsViewController.swift */,
				03BC40EB1CBB480C00637C67 /* BookmarkDetailViewController.swift */,
				03E09A671CBAF1C3006AEDFE /* BookmarkTableViewController.swift */,
				6718440F1CAB378400C53DE2 /* CategoriesViewController.swift */,
				03583EF81CA42E1A00C5EAFE /* StoryDetailViewController.swift */,
				03583EFA1CA42E2300C5EAFE /* WatchablePlayerController.swift */,
				03583EFE1CA42E3200C5EAFE /* WatchableTableViewController.swift */,
			);
			name = "View Controllers";
			sourceTree = "<group>";
		};
		03583EF31CA42DF600C5EAFE /* Engines, Managers, Helpers & Extensions */ = {
			isa = PBXGroup;
			children = (
				0374DD391CCCAD9300DCE572 /* HandoffHelper.swift */,
				035CD7B51CAEE68D00527B3F /* VuseFeedEngine.swift */,
				03583EF41CA42E0200C5EAFE /* CloudKitManager.swift */,
				030007AE1CC09E3300047F23 /* Category+Extensions.swift */,
				035CD7B41CAEDAA400527B3F /* UIImageView+WebCache.h */,
			);
			name = "Engines, Managers, Helpers & Extensions";
			sourceTree = "<group>";
		};
		035A45371CC6C2FC00608615 /* Frameworks */ = {
			isa = PBXGroup;
			children = (
				037C5A731CD08FE600405DE3 /* CloudKit.framework */,
				035CD7A61CAEC97100527B3F /* Chameleon.framework */,
				035CD7A41CAEC8AE00527B3F /* LNPopupController.framework */,
				035CD7A21CAEC78200527B3F /* WebImage.framework */,
				03789CBE1CADAFA000F631BB /* CoreGraphics.framework */,
				03789CBC1CADAF9A00F631BB /* QuartzCore.framework */,
				0339D2EE1CA42B290072886E /* AVKit.framework */,
				0339D2EC1CA42B240072886E /* AVFoundation.framework */,
			);
			name = Frameworks;
			sourceTree = "<group>";
		};
		035ED9521CBDE7FB00B72748 /* 🔩 Row Controllers */ = {
			isa = PBXGroup;
			children = (
				03583F051CA42F6400C5EAFE /* VFButtonRowController.swift */,
				03583F061CA42F6400C5EAFE /* VFHeaderRowController.swift */,
				03583F081CA42F6400C5EAFE /* VFStoryRowController.swift */,
			);
			name = "🔩 Row Controllers";
			sourceTree = "<group>";
		};
		035ED9531CBDE88C00B72748 /* ⏱ Glance & Complication */ = {
			isa = PBXGroup;
			children = (
				03583ED91CA42D7300C5EAFE /* NotificationController.swift */,
				03583EDB1CA42D7300C5EAFE /* GlanceController.swift */,
				03583EDD1CA42D7300C5EAFE /* ComplicationController.swift */,
			);
			name = "⏱ Glance & Complication";
			sourceTree = "<group>";
		};
		03FAE6721CCC141C00AEC18F /* Interface Controllers */ = {
			isa = PBXGroup;
			children = (
				03583F071CA42F6400C5EAFE /* VFStoriesTableController.swift */,
				03FAE6731CCC143F00AEC18F /* VFStoryDetailController.swift */,
			);
			name = "Interface Controllers";
			sourceTree = "<group>";
		};
/* End PBXGroup section */

/* Begin PBXNativeTarget section */
		0339D2AB1CA42A950072886E /* VuseFeed */ = {
			isa = PBXNativeTarget;
			buildConfigurationList = 0339D2D71CA42A960072886E /* Build configuration list for PBXNativeTarget "VuseFeed" */;
			buildPhases = (
				0339D2A81CA42A950072886E /* Sources */,
				0339D2A91CA42A950072886E /* Frameworks */,
				0339D2AA1CA42A950072886E /* Resources */,
				03583EEC1CA42D7300C5EAFE /* Embed Watch Content */,
				035CD7A81CAEC9D200527B3F /* ShellScript */,
			);
			buildRules = (
			);
			dependencies = (
				03583EE31CA42D7300C5EAFE /* PBXTargetDependency */,
			);
			name = VuseFeed;
			productName = VuseFeed;
			productReference = 0339D2AC1CA42A950072886E /* VuseFeed.app */;
			productType = "com.apple.product-type.application";
		};
		0339D2C21CA42A960072886E /* VuseFeedTests */ = {
			isa = PBXNativeTarget;
			buildConfigurationList = 0339D2DA1CA42A960072886E /* Build configuration list for PBXNativeTarget "VuseFeedTests" */;
			buildPhases = (
				0339D2BF1CA42A960072886E /* Sources */,
				0339D2C01CA42A960072886E /* Frameworks */,
				0339D2C11CA42A960072886E /* Resources */,
			);
			buildRules = (
			);
			dependencies = (
				0339D2C51CA42A960072886E /* PBXTargetDependency */,
			);
			name = VuseFeedTests;
			productName = VuseFeedTests;
			productReference = 0339D2C31CA42A960072886E /* VuseFeedTests.xctest */;
			productType = "com.apple.product-type.bundle.unit-test";
		};
		0339D2CD1CA42A960072886E /* VuseFeedUITests */ = {
			isa = PBXNativeTarget;
			buildConfigurationList = 0339D2DD1CA42A960072886E /* Build configuration list for PBXNativeTarget "VuseFeedUITests" */;
			buildPhases = (
				0339D2CA1CA42A960072886E /* Sources */,
				0339D2CB1CA42A960072886E /* Frameworks */,
				0339D2CC1CA42A960072886E /* Resources */,
			);
			buildRules = (
			);
			dependencies = (
				0339D2D01CA42A960072886E /* PBXTargetDependency */,
			);
			name = VuseFeedUITests;
			productName = VuseFeedUITests;
			productReference = 0339D2CE1CA42A960072886E /* VuseFeedUITests.xctest */;
			productType = "com.apple.product-type.bundle.ui-testing";
		};
		03583EC11CA42D7200C5EAFE /* VuseFeed Watch */ = {
			isa = PBXNativeTarget;
			buildConfigurationList = 03583EE91CA42D7300C5EAFE /* Build configuration list for PBXNativeTarget "VuseFeed Watch" */;
			buildPhases = (
				03583EC01CA42D7200C5EAFE /* Resources */,
				03583EE81CA42D7300C5EAFE /* Embed App Extensions */,
			);
			buildRules = (
			);
			dependencies = (
				03583ED11CA42D7300C5EAFE /* PBXTargetDependency */,
			);
			name = "VuseFeed Watch";
			productName = "VuseFeed Watch";
			productReference = 03583EC21CA42D7200C5EAFE /* VuseFeed Watch.app */;
			productType = "com.apple.product-type.application.watchapp2";
		};
		03583ECD1CA42D7300C5EAFE /* VuseFeed Watch Extension */ = {
			isa = PBXNativeTarget;
			buildConfigurationList = 03583EE51CA42D7300C5EAFE /* Build configuration list for PBXNativeTarget "VuseFeed Watch Extension" */;
			buildPhases = (
				03583ECA1CA42D7300C5EAFE /* Sources */,
				03583ECB1CA42D7300C5EAFE /* Frameworks */,
				03583ECC1CA42D7300C5EAFE /* Resources */,
			);
			buildRules = (
			);
			dependencies = (
			);
			name = "VuseFeed Watch Extension";
			productName = "VuseFeed Watch Extension";
			productReference = 03583ECE1CA42D7300C5EAFE /* VuseFeed Watch Extension.appex */;
			productType = "com.apple.product-type.watchkit2-extension";
		};
/* End PBXNativeTarget section */

/* Begin PBXProject section */
		0339D2A41CA42A940072886E /* Project object */ = {
			isa = PBXProject;
			attributes = {
				CLASSPREFIX = VF;
				LastSwiftUpdateCheck = 0730;
				LastUpgradeCheck = 0730;
				ORGANIZATIONNAME = "Joshua O'Steen";
				TargetAttributes = {
					0339D2AB1CA42A950072886E = {
						CreatedOnToolsVersion = 7.3;
						DevelopmentTeam = P9T3VX888M;
						SystemCapabilities = {
							com.apple.ApplicationGroups.iOS = {
								enabled = 0;
							};
							com.apple.Push = {
								enabled = 0;
							};
							com.apple.iCloud = {
								enabled = 1;
							};
						};
					};
					0339D2C21CA42A960072886E = {
						CreatedOnToolsVersion = 7.3;
						TestTargetID = 0339D2AB1CA42A950072886E;
					};
					0339D2CD1CA42A960072886E = {
						CreatedOnToolsVersion = 7.3;
						TestTargetID = 0339D2AB1CA42A950072886E;
					};
					03583EC11CA42D7200C5EAFE = {
						CreatedOnToolsVersion = 7.3;
						DevelopmentTeam = P9T3VX888M;
					};
					03583ECD1CA42D7300C5EAFE = {
						CreatedOnToolsVersion = 7.3;
						DevelopmentTeam = P9T3VX888M;
					};
				};
			};
			buildConfigurationList = 0339D2A71CA42A940072886E /* Build configuration list for PBXProject "VuseFeed" */;
			compatibilityVersion = "Xcode 3.2";
			developmentRegion = English;
			hasScannedForEncodings = 0;
			knownRegions = (
				en,
				Base,
			);
			mainGroup = 0339D2A31CA42A940072886E;
			productRefGroup = 0339D2AD1CA42A950072886E /* Products */;
			projectDirPath = "";
			projectRoot = "";
			targets = (
				0339D2AB1CA42A950072886E /* VuseFeed */,
				0339D2C21CA42A960072886E /* VuseFeedTests */,
				0339D2CD1CA42A960072886E /* VuseFeedUITests */,
				03583EC11CA42D7200C5EAFE /* VuseFeed Watch */,
				03583ECD1CA42D7300C5EAFE /* VuseFeed Watch Extension */,
			);
		};
/* End PBXProject section */

/* Begin PBXResourcesBuildPhase section */
		0339D2AA1CA42A950072886E /* Resources */ = {
			isa = PBXResourcesBuildPhase;
			buildActionMask = 2147483647;
			files = (
				035CD7A11CAEB89F00527B3F /* Cartfile in Resources */,
				03E09A641CB96ACE006AEDFE /* stories.json in Resources */,
				0339D2BD1CA42A960072886E /* LaunchScreen.storyboard in Resources */,
				0339D2BA1CA42A960072886E /* Assets.xcassets in Resources */,
				03583F011CA42E5400C5EAFE /* Main.storyboard in Resources */,
				037FFA1D1CC85B910089E887 /* videos.json in Resources */,
			);
			runOnlyForDeploymentPostprocessing = 0;
		};
		0339D2C11CA42A960072886E /* Resources */ = {
			isa = PBXResourcesBuildPhase;
			buildActionMask = 2147483647;
			files = (
			);
			runOnlyForDeploymentPostprocessing = 0;
		};
		0339D2CC1CA42A960072886E /* Resources */ = {
			isa = PBXResourcesBuildPhase;
			buildActionMask = 2147483647;
			files = (
			);
			runOnlyForDeploymentPostprocessing = 0;
		};
		03583EC01CA42D7200C5EAFE /* Resources */ = {
			isa = PBXResourcesBuildPhase;
			buildActionMask = 2147483647;
			files = (
				03583F031CA42EBC00C5EAFE /* Interface.storyboard in Resources */,
				03583EC81CA42D7200C5EAFE /* Assets.xcassets in Resources */,
			);
			runOnlyForDeploymentPostprocessing = 0;
		};
		03583ECC1CA42D7300C5EAFE /* Resources */ = {
			isa = PBXResourcesBuildPhase;
			buildActionMask = 2147483647;
			files = (
				03583EE01CA42D7300C5EAFE /* Assets.xcassets in Resources */,
				03583F091CA42F6400C5EAFE /* Stories.json in Resources */,
			);
			runOnlyForDeploymentPostprocessing = 0;
		};
/* End PBXResourcesBuildPhase section */

/* Begin PBXShellScriptBuildPhase section */
		035CD7A81CAEC9D200527B3F /* ShellScript */ = {
			isa = PBXShellScriptBuildPhase;
			buildActionMask = 2147483647;
			files = (
			);
			inputPaths = (
				"$(SRCROOT)/Carthage/Build/iOS/Chameleon.framework",
				"$(SRCROOT)/Carthage/Build/iOS/LNPopupController.framework",
				"$(SRCROOT)/Carthage/Build/iOS/WebImage.framework",
			);
			outputPaths = (
			);
			runOnlyForDeploymentPostprocessing = 0;
			shellPath = /bin/sh;
			shellScript = "/usr/local/bin/carthage copy-frameworks";
		};
/* End PBXShellScriptBuildPhase section */

/* Begin PBXSourcesBuildPhase section */
		0339D2A81CA42A950072886E /* Sources */ = {
			isa = PBXSourcesBuildPhase;
			buildActionMask = 2147483647;
			files = (
				037C5A701CD07E3E00405DE3 /* NotificationsViewController.swift in Sources */,
				03583EF21CA42DE800C5EAFE /* AVPlayerView.swift in Sources */,
				037C5A721CD07F4600405DE3 /* CategoryNotificationCell.swift in Sources */,
				03583EF91CA42E1A00C5EAFE /* StoryDetailViewController.swift in Sources */,
				0339D2B81CA42A960072886E /* VuseFeed.xcdatamodeld in Sources */,
				03E09A681CBAF1C3006AEDFE /* BookmarkTableViewController.swift in Sources */,
				03583EFD1CA42E2A00C5EAFE /* WatchableStory.swift in Sources */,
				671844101CAB378400C53DE2 /* CategoriesViewController.swift in Sources */,
				03583EF51CA42E0200C5EAFE /* CloudKitManager.swift in Sources */,
				671844121CAB436B00C53DE2 /* CategoryTableViewCell.swift in Sources */,
				0374DD3A1CCCAD9300DCE572 /* HandoffHelper.swift in Sources */,
				035CD7B61CAEE68D00527B3F /* VuseFeedEngine.swift in Sources */,
				035CD7991CAE0B0300527B3F /* VFStoryListCell.swift in Sources */,
				03BC40EC1CBB480C00637C67 /* BookmarkDetailViewController.swift in Sources */,
				03583EFF1CA42E3200C5EAFE /* WatchableTableViewController.swift in Sources */,
				0339D2B01CA42A960072886E /* AppDelegate.swift in Sources */,
				030007AF1CC09E3300047F23 /* Category+Extensions.swift in Sources */,
				03583EFB1CA42E2300C5EAFE /* WatchablePlayerController.swift in Sources */,
				03583EF71CA42E1400C5EAFE /* Story.swift in Sources */,
				037C5A6E1CD0315B00405DE3 /* SettingsViewController.swift in Sources */,
			);
			runOnlyForDeploymentPostprocessing = 0;
		};
		0339D2BF1CA42A960072886E /* Sources */ = {
			isa = PBXSourcesBuildPhase;
			buildActionMask = 2147483647;
			files = (
				0339D2C81CA42A960072886E /* VuseFeedTests.swift in Sources */,
			);
			runOnlyForDeploymentPostprocessing = 0;
		};
		0339D2CA1CA42A960072886E /* Sources */ = {
			isa = PBXSourcesBuildPhase;
			buildActionMask = 2147483647;
			files = (
				0339D2D31CA42A960072886E /* VuseFeedUITests.swift in Sources */,
			);
			runOnlyForDeploymentPostprocessing = 0;
		};
		03583ECA1CA42D7300C5EAFE /* Sources */ = {
			isa = PBXSourcesBuildPhase;
			buildActionMask = 2147483647;
			files = (
				03BA44971CC928230047AE73 /* VuseFeedEngine.swift in Sources */,
				03583F0A1CA42F6400C5EAFE /* VFButtonRowController.swift in Sources */,
				03583EDA1CA42D7300C5EAFE /* NotificationController.swift in Sources */,
				03583F0D1CA42F6400C5EAFE /* VFStoryRowController.swift in Sources */,
				03583ED81CA42D7300C5EAFE /* ExtensionDelegate.swift in Sources */,
				030007B11CC09EA000047F23 /* Category+Extensions.swift in Sources */,
				03583F0B1CA42F6400C5EAFE /* VFHeaderRowController.swift in Sources */,
				03583EDE1CA42D7300C5EAFE /* ComplicationController.swift in Sources */,
				0374DD3B1CCCAD9300DCE572 /* HandoffHelper.swift in Sources */,
				03FAE6741CCC143F00AEC18F /* VFStoryDetailController.swift in Sources */,
				03583EDC1CA42D7300C5EAFE /* GlanceController.swift in Sources */,
				0343647D1CC2D78E0010210D /* VFStoriesTableController.swift in Sources */,
				03583F0E1CA44B2B00C5EAFE /* Story.swift in Sources */,
			);
			runOnlyForDeploymentPostprocessing = 0;
		};
/* End PBXSourcesBuildPhase section */

/* Begin PBXTargetDependency section */
		0339D2C51CA42A960072886E /* PBXTargetDependency */ = {
			isa = PBXTargetDependency;
			target = 0339D2AB1CA42A950072886E /* VuseFeed */;
			targetProxy = 0339D2C41CA42A960072886E /* PBXContainerItemProxy */;
		};
		0339D2D01CA42A960072886E /* PBXTargetDependency */ = {
			isa = PBXTargetDependency;
			target = 0339D2AB1CA42A950072886E /* VuseFeed */;
			targetProxy = 0339D2CF1CA42A960072886E /* PBXContainerItemProxy */;
		};
		03583ED11CA42D7300C5EAFE /* PBXTargetDependency */ = {
			isa = PBXTargetDependency;
			target = 03583ECD1CA42D7300C5EAFE /* VuseFeed Watch Extension */;
			targetProxy = 03583ED01CA42D7300C5EAFE /* PBXContainerItemProxy */;
		};
		03583EE31CA42D7300C5EAFE /* PBXTargetDependency */ = {
			isa = PBXTargetDependency;
			target = 03583EC11CA42D7200C5EAFE /* VuseFeed Watch */;
			targetProxy = 03583EE21CA42D7300C5EAFE /* PBXContainerItemProxy */;
		};
/* End PBXTargetDependency section */

/* Begin PBXVariantGroup section */
		0339D2BB1CA42A960072886E /* LaunchScreen.storyboard */ = {
			isa = PBXVariantGroup;
			children = (
				0339D2BC1CA42A960072886E /* Base */,
			);
			name = LaunchScreen.storyboard;
			sourceTree = "<group>";
		};
/* End PBXVariantGroup section */

/* Begin XCBuildConfiguration section */
		0339D2D51CA42A960072886E /* Debug */ = {
			isa = XCBuildConfiguration;
			buildSettings = {
				ALWAYS_SEARCH_USER_PATHS = NO;
				CLANG_ANALYZER_NONNULL = YES;
				CLANG_CXX_LANGUAGE_STANDARD = "gnu++0x";
				CLANG_CXX_LIBRARY = "libc++";
				CLANG_ENABLE_MODULES = YES;
				CLANG_ENABLE_OBJC_ARC = YES;
				CLANG_WARN_BOOL_CONVERSION = YES;
				CLANG_WARN_CONSTANT_CONVERSION = YES;
				CLANG_WARN_DIRECT_OBJC_ISA_USAGE = YES_ERROR;
				CLANG_WARN_EMPTY_BODY = YES;
				CLANG_WARN_ENUM_CONVERSION = YES;
				CLANG_WARN_INT_CONVERSION = YES;
				CLANG_WARN_OBJC_ROOT_CLASS = YES_ERROR;
				CLANG_WARN_UNREACHABLE_CODE = YES;
				CLANG_WARN__DUPLICATE_METHOD_MATCH = YES;
				"CODE_SIGN_IDENTITY[sdk=iphoneos*]" = "iPhone Developer";
				COPY_PHASE_STRIP = NO;
				DEBUG_INFORMATION_FORMAT = dwarf;
				ENABLE_STRICT_OBJC_MSGSEND = YES;
				ENABLE_TESTABILITY = YES;
				GCC_C_LANGUAGE_STANDARD = gnu99;
				GCC_DYNAMIC_NO_PIC = NO;
				GCC_NO_COMMON_BLOCKS = YES;
				GCC_OPTIMIZATION_LEVEL = 0;
				GCC_PREPROCESSOR_DEFINITIONS = (
					"DEBUG=1",
					"$(inherited)",
				);
				GCC_WARN_64_TO_32_BIT_CONVERSION = YES;
				GCC_WARN_ABOUT_RETURN_TYPE = YES_ERROR;
				GCC_WARN_UNDECLARED_SELECTOR = YES;
				GCC_WARN_UNINITIALIZED_AUTOS = YES_AGGRESSIVE;
				GCC_WARN_UNUSED_FUNCTION = YES;
				GCC_WARN_UNUSED_VARIABLE = YES;
				IPHONEOS_DEPLOYMENT_TARGET = 9.3;
				MTL_ENABLE_DEBUG_INFO = YES;
				ONLY_ACTIVE_ARCH = YES;
				SDKROOT = iphoneos;
				SWIFT_OPTIMIZATION_LEVEL = "-Onone";
				TARGETED_DEVICE_FAMILY = "1,2";
			};
			name = Debug;
		};
		0339D2D61CA42A960072886E /* Release */ = {
			isa = XCBuildConfiguration;
			buildSettings = {
				ALWAYS_SEARCH_USER_PATHS = NO;
				CLANG_ANALYZER_NONNULL = YES;
				CLANG_CXX_LANGUAGE_STANDARD = "gnu++0x";
				CLANG_CXX_LIBRARY = "libc++";
				CLANG_ENABLE_MODULES = YES;
				CLANG_ENABLE_OBJC_ARC = YES;
				CLANG_WARN_BOOL_CONVERSION = YES;
				CLANG_WARN_CONSTANT_CONVERSION = YES;
				CLANG_WARN_DIRECT_OBJC_ISA_USAGE = YES_ERROR;
				CLANG_WARN_EMPTY_BODY = YES;
				CLANG_WARN_ENUM_CONVERSION = YES;
				CLANG_WARN_INT_CONVERSION = YES;
				CLANG_WARN_OBJC_ROOT_CLASS = YES_ERROR;
				CLANG_WARN_UNREACHABLE_CODE = YES;
				CLANG_WARN__DUPLICATE_METHOD_MATCH = YES;
				"CODE_SIGN_IDENTITY[sdk=iphoneos*]" = "iPhone Developer";
				COPY_PHASE_STRIP = NO;
				DEBUG_INFORMATION_FORMAT = "dwarf-with-dsym";
				ENABLE_NS_ASSERTIONS = NO;
				ENABLE_STRICT_OBJC_MSGSEND = YES;
				GCC_C_LANGUAGE_STANDARD = gnu99;
				GCC_NO_COMMON_BLOCKS = YES;
				GCC_WARN_64_TO_32_BIT_CONVERSION = YES;
				GCC_WARN_ABOUT_RETURN_TYPE = YES_ERROR;
				GCC_WARN_UNDECLARED_SELECTOR = YES;
				GCC_WARN_UNINITIALIZED_AUTOS = YES_AGGRESSIVE;
				GCC_WARN_UNUSED_FUNCTION = YES;
				GCC_WARN_UNUSED_VARIABLE = YES;
				IPHONEOS_DEPLOYMENT_TARGET = 9.3;
				MTL_ENABLE_DEBUG_INFO = NO;
				SDKROOT = iphoneos;
				TARGETED_DEVICE_FAMILY = "1,2";
				VALIDATE_PRODUCT = YES;
			};
			name = Release;
		};
		0339D2D81CA42A960072886E /* Debug */ = {
			isa = XCBuildConfiguration;
			buildSettings = {
				ASSETCATALOG_COMPILER_APPICON_NAME = AppIcon;
				CLANG_ENABLE_MODULES = YES;
				CODE_SIGN_ENTITLEMENTS = VuseFeed/VuseFeed.entitlements;
				CODE_SIGN_IDENTITY = "iPhone Developer";
				"CODE_SIGN_IDENTITY[sdk=iphoneos*]" = "iPhone Developer";
				FRAMEWORK_SEARCH_PATHS = (
					"$(inherited)",
					"$(PROJECT_DIR)/Carthage/Build/iOS",
				);
				HEADER_SEARCH_PATHS = "";
				INFOPLIST_FILE = VuseFeed/Info.plist;
				IPHONEOS_DEPLOYMENT_TARGET = 9.0;
				LD_RUNPATH_SEARCH_PATHS = "$(inherited) @executable_path/Frameworks";
				PRODUCT_BUNDLE_IDENTIFIER = com.osteen.VuseFeed;
				PRODUCT_NAME = "$(TARGET_NAME)";
				PROVISIONING_PROFILE = "";
				SWIFT_OBJC_BRIDGING_HEADER = "VuseFeed/VuseFeed-Bridging-Header.h";
				SWIFT_OPTIMIZATION_LEVEL = "-Onone";
			};
			name = Debug;
		};
		0339D2D91CA42A960072886E /* Release */ = {
			isa = XCBuildConfiguration;
			buildSettings = {
				ASSETCATALOG_COMPILER_APPICON_NAME = AppIcon;
				CLANG_ENABLE_MODULES = YES;
				CODE_SIGN_ENTITLEMENTS = VuseFeed/VuseFeed.entitlements;
				CODE_SIGN_IDENTITY = "iPhone Developer";
				"CODE_SIGN_IDENTITY[sdk=iphoneos*]" = "iPhone Developer";
				FRAMEWORK_SEARCH_PATHS = (
					"$(inherited)",
					"$(PROJECT_DIR)/Carthage/Build/iOS",
				);
				HEADER_SEARCH_PATHS = "";
				INFOPLIST_FILE = VuseFeed/Info.plist;
				IPHONEOS_DEPLOYMENT_TARGET = 9.0;
				LD_RUNPATH_SEARCH_PATHS = "$(inherited) @executable_path/Frameworks";
				PRODUCT_BUNDLE_IDENTIFIER = com.osteen.VuseFeed;
				PRODUCT_NAME = "$(TARGET_NAME)";
				PROVISIONING_PROFILE = "";
				SWIFT_OBJC_BRIDGING_HEADER = "VuseFeed/VuseFeed-Bridging-Header.h";
			};
			name = Release;
		};
		0339D2DB1CA42A960072886E /* Debug */ = {
			isa = XCBuildConfiguration;
			buildSettings = {
				BUNDLE_LOADER = "$(TEST_HOST)";
				INFOPLIST_FILE = VuseFeedTests/Info.plist;
				LD_RUNPATH_SEARCH_PATHS = "$(inherited) @executable_path/Frameworks @loader_path/Frameworks";
				PRODUCT_BUNDLE_IDENTIFIER = com.osteen.VuseFeedTests;
				PRODUCT_NAME = "$(TARGET_NAME)";
				TEST_HOST = "$(BUILT_PRODUCTS_DIR)/VuseFeed.app/VuseFeed";
			};
			name = Debug;
		};
		0339D2DC1CA42A960072886E /* Release */ = {
			isa = XCBuildConfiguration;
			buildSettings = {
				BUNDLE_LOADER = "$(TEST_HOST)";
				INFOPLIST_FILE = VuseFeedTests/Info.plist;
				LD_RUNPATH_SEARCH_PATHS = "$(inherited) @executable_path/Frameworks @loader_path/Frameworks";
				PRODUCT_BUNDLE_IDENTIFIER = com.osteen.VuseFeedTests;
				PRODUCT_NAME = "$(TARGET_NAME)";
				TEST_HOST = "$(BUILT_PRODUCTS_DIR)/VuseFeed.app/VuseFeed";
			};
			name = Release;
		};
		0339D2DE1CA42A960072886E /* Debug */ = {
			isa = XCBuildConfiguration;
			buildSettings = {
				INFOPLIST_FILE = VuseFeedUITests/Info.plist;
				LD_RUNPATH_SEARCH_PATHS = "$(inherited) @executable_path/Frameworks @loader_path/Frameworks";
				PRODUCT_BUNDLE_IDENTIFIER = com.osteen.VuseFeedUITests;
				PRODUCT_NAME = "$(TARGET_NAME)";
				TEST_TARGET_NAME = VuseFeed;
			};
			name = Debug;
		};
		0339D2DF1CA42A960072886E /* Release */ = {
			isa = XCBuildConfiguration;
			buildSettings = {
				INFOPLIST_FILE = VuseFeedUITests/Info.plist;
				LD_RUNPATH_SEARCH_PATHS = "$(inherited) @executable_path/Frameworks @loader_path/Frameworks";
				PRODUCT_BUNDLE_IDENTIFIER = com.osteen.VuseFeedUITests;
				PRODUCT_NAME = "$(TARGET_NAME)";
				TEST_TARGET_NAME = VuseFeed;
			};
			name = Release;
		};
		03583EE61CA42D7300C5EAFE /* Debug */ = {
			isa = XCBuildConfiguration;
			buildSettings = {
				ASSETCATALOG_COMPILER_COMPLICATION_NAME = Complication;
				CODE_SIGN_IDENTITY = "iPhone Developer";
				FRAMEWORK_SEARCH_PATHS = (
					"$(inherited)",
					"$(PROJECT_DIR)/Carthage/Build/iOS",
				);
				INFOPLIST_FILE = "VuseFeed Watch Extension/Info.plist";
				LD_RUNPATH_SEARCH_PATHS = "$(inherited) @executable_path/Frameworks @executable_path/../../Frameworks";
				PRODUCT_BUNDLE_IDENTIFIER = com.osteen.VuseFeed.watchkitapp.watchkitextension;
				PRODUCT_NAME = "${TARGET_NAME}";
				SDKROOT = watchos;
				SKIP_INSTALL = YES;
				TARGETED_DEVICE_FAMILY = 4;
				WATCHOS_DEPLOYMENT_TARGET = 2.2;
			};
			name = Debug;
		};
		03583EE71CA42D7300C5EAFE /* Release */ = {
			isa = XCBuildConfiguration;
			buildSettings = {
				ASSETCATALOG_COMPILER_COMPLICATION_NAME = Complication;
				CODE_SIGN_IDENTITY = "iPhone Developer";
				FRAMEWORK_SEARCH_PATHS = (
					"$(inherited)",
					"$(PROJECT_DIR)/Carthage/Build/iOS",
				);
				INFOPLIST_FILE = "VuseFeed Watch Extension/Info.plist";
				LD_RUNPATH_SEARCH_PATHS = "$(inherited) @executable_path/Frameworks @executable_path/../../Frameworks";
				PRODUCT_BUNDLE_IDENTIFIER = com.osteen.VuseFeed.watchkitapp.watchkitextension;
				PRODUCT_NAME = "${TARGET_NAME}";
				SDKROOT = watchos;
				SKIP_INSTALL = YES;
				TARGETED_DEVICE_FAMILY = 4;
				WATCHOS_DEPLOYMENT_TARGET = 2.2;
			};
			name = Release;
		};
		03583EEA1CA42D7300C5EAFE /* Debug */ = {
			isa = XCBuildConfiguration;
			buildSettings = {
				ASSETCATALOG_COMPILER_APPICON_NAME = AppIcon;
				CLANG_ENABLE_MODULES = YES;
				CODE_SIGN_IDENTITY = "iPhone Developer";
				EMBEDDED_CONTENT_CONTAINS_SWIFT = YES;
				IBSC_MODULE = VuseFeed_Watch_Extension;
				INFOPLIST_FILE = "VuseFeed Watch/Info.plist";
				LD_RUNPATH_SEARCH_PATHS = "$(inherited) @executable_path/../Frameworks @loader_path/../Frameworks";
				PRODUCT_BUNDLE_IDENTIFIER = com.osteen.VuseFeed.watchkitapp;
				PRODUCT_NAME = "$(TARGET_NAME)";
				SDKROOT = watchos;
				SKIP_INSTALL = YES;
				SWIFT_OBJC_BRIDGING_HEADER = "Chameleon/VuseFeed Watch-Bridging-Header.h";
				SWIFT_OPTIMIZATION_LEVEL = "-Onone";
				TARGETED_DEVICE_FAMILY = 4;
				WATCHOS_DEPLOYMENT_TARGET = 2.2;
			};
			name = Debug;
		};
		03583EEB1CA42D7300C5EAFE /* Release */ = {
			isa = XCBuildConfiguration;
			buildSettings = {
				ASSETCATALOG_COMPILER_APPICON_NAME = AppIcon;
				CLANG_ENABLE_MODULES = YES;
				CODE_SIGN_IDENTITY = "iPhone Developer";
				EMBEDDED_CONTENT_CONTAINS_SWIFT = YES;
				IBSC_MODULE = VuseFeed_Watch_Extension;
				INFOPLIST_FILE = "VuseFeed Watch/Info.plist";
				LD_RUNPATH_SEARCH_PATHS = "$(inherited) @executable_path/../Frameworks @loader_path/../Frameworks";
				PRODUCT_BUNDLE_IDENTIFIER = com.osteen.VuseFeed.watchkitapp;
				PRODUCT_NAME = "$(TARGET_NAME)";
				SDKROOT = watchos;
				SKIP_INSTALL = YES;
				SWIFT_OBJC_BRIDGING_HEADER = "Chameleon/VuseFeed Watch-Bridging-Header.h";
				TARGETED_DEVICE_FAMILY = 4;
				WATCHOS_DEPLOYMENT_TARGET = 2.2;
			};
			name = Release;
		};
/* End XCBuildConfiguration section */

/* Begin XCConfigurationList section */
		0339D2A71CA42A940072886E /* Build configuration list for PBXProject "VuseFeed" */ = {
			isa = XCConfigurationList;
			buildConfigurations = (
				0339D2D51CA42A960072886E /* Debug */,
				0339D2D61CA42A960072886E /* Release */,
			);
			defaultConfigurationIsVisible = 0;
			defaultConfigurationName = Release;
		};
		0339D2D71CA42A960072886E /* Build configuration list for PBXNativeTarget "VuseFeed" */ = {
			isa = XCConfigurationList;
			buildConfigurations = (
				0339D2D81CA42A960072886E /* Debug */,
				0339D2D91CA42A960072886E /* Release */,
			);
			defaultConfigurationIsVisible = 0;
			defaultConfigurationName = Release;
		};
		0339D2DA1CA42A960072886E /* Build configuration list for PBXNativeTarget "VuseFeedTests" */ = {
			isa = XCConfigurationList;
			buildConfigurations = (
				0339D2DB1CA42A960072886E /* Debug */,
				0339D2DC1CA42A960072886E /* Release */,
			);
			defaultConfigurationIsVisible = 0;
			defaultConfigurationName = Release;
		};
		0339D2DD1CA42A960072886E /* Build configuration list for PBXNativeTarget "VuseFeedUITests" */ = {
			isa = XCConfigurationList;
			buildConfigurations = (
				0339D2DE1CA42A960072886E /* Debug */,
				0339D2DF1CA42A960072886E /* Release */,
			);
			defaultConfigurationIsVisible = 0;
			defaultConfigurationName = Release;
		};
		03583EE51CA42D7300C5EAFE /* Build configuration list for PBXNativeTarget "VuseFeed Watch Extension" */ = {
			isa = XCConfigurationList;
			buildConfigurations = (
				03583EE61CA42D7300C5EAFE /* Debug */,
				03583EE71CA42D7300C5EAFE /* Release */,
			);
			defaultConfigurationIsVisible = 0;
			defaultConfigurationName = Release;
		};
		03583EE91CA42D7300C5EAFE /* Build configuration list for PBXNativeTarget "VuseFeed Watch" */ = {
			isa = XCConfigurationList;
			buildConfigurations = (
				03583EEA1CA42D7300C5EAFE /* Debug */,
				03583EEB1CA42D7300C5EAFE /* Release */,
			);
			defaultConfigurationIsVisible = 0;
			defaultConfigurationName = Release;
		};
/* End XCConfigurationList section */

/* Begin XCVersionGroup section */
		0339D2B61CA42A960072886E /* VuseFeed.xcdatamodeld */ = {
			isa = XCVersionGroup;
			children = (
				0339D2B71CA42A960072886E /* VuseFeed.xcdatamodel */,
			);
			currentVersion = 0339D2B71CA42A960072886E /* VuseFeed.xcdatamodel */;
			path = VuseFeed.xcdatamodeld;
			sourceTree = "<group>";
			versionGroupType = wrapper.xcdatamodel;
		};
/* End XCVersionGroup section */
	};
	rootObject = 0339D2A41CA42A940072886E /* Project object */;
}
